
Microsoft Visual Studio Solution File, Format Version 12.00
# Visual Studio Version 17
VisualStudioVersion = 17.0.31903.59
MinimumVisualStudioVersion = 10.0.40219.1
Project("{F2A71F9B-5D33-465A-A702-920D77279786}") = "Solutions", "Solutions\Solutions.fsproj", "{F41839B0-0D9B-4E62-8CD2-AF6728972C2A}"
EndProject
Project("{F2A71F9B-5D33-465A-A702-920D77279786}") = "Solutions.Tests", "Solutions.Tests\Solutions.Tests.fsproj", "{9943CAF6-5948-487F-A587-D2BDC156EA8A}"
EndProject
Global
	GlobalSection(SolutionConfigurationPlatforms) = preSolution
		Debug|Any CPU = Debug|Any CPU
		Release|Any CPU = Release|Any CPU
	EndGlobalSection
	GlobalSection(SolutionProperties) = preSolution
		HideSolutionNode = FALSE
	EndGlobalSection
	GlobalSection(ProjectConfigurationPlatforms) = postSolution
		{F41839B0-0D9B-4E62-8CD2-AF6728972C2A}.Debug|Any CPU.ActiveCfg = Debug|Any CPU
		{F41839B0-0D9B-4E62-8CD2-AF6728972C2A}.Debug|Any CPU.Build.0 = Debug|Any CPU
		{F41839B0-0D9B-4E62-8CD2-AF6728972C2A}.Release|Any CPU.ActiveCfg = Release|Any CPU
		{F41839B0-0D9B-4E62-8CD2-AF6728972C2A}.Release|Any CPU.Build.0 = Release|Any CPU
		{9943CAF6-5948-487F-A587-D2BDC156EA8A}.Debug|Any CPU.ActiveCfg = Debug|Any CPU
		{9943CAF6-5948-487F-A587-D2BDC156EA8A}.Debug|Any CPU.Build.0 = Debug|Any CPU
		{9943CAF6-5948-487F-A587-D2BDC156EA8A}.Release|Any CPU.ActiveCfg = Release|Any CPU
		{9943CAF6-5948-487F-A587-D2BDC156EA8A}.Release|Any CPU.Build.0 = Release|Any CPU
	EndGlobalSection
EndGlobal
